
Microsoft Visual Studio Solution File, Format Version 12.00
# Visual Studio Version 17
VisualStudioVersion = 17.7.34003.232
MinimumVisualStudioVersion = 10.0.40219.1
Project("{FAE04EC0-301F-11D3-BF4B-00C04F79EFBC}") = "CSC2036_Case5-1_Greenville", "CSC2036_Case5-1_Greenville\CSC2036_Case5-1_Greenville.csproj", "{82789D75-969C-463F-89E5-A3D000D242ED}"
EndProject
Global
	GlobalSection(SolutionConfigurationPlatforms) = preSolution
		Debug|Any CPU = Debug|Any CPU
		Release|Any CPU = Release|Any CPU
	EndGlobalSection
	GlobalSection(ProjectConfigurationPlatforms) = postSolution
		{82789D75-969C-463F-89E5-A3D000D242ED}.Debug|Any CPU.ActiveCfg = Debug|Any CPU
		{82789D75-969C-463F-89E5-A3D000D242ED}.Debug|Any CPU.Build.0 = Debug|Any CPU
		{82789D75-969C-463F-89E5-A3D000D242ED}.Release|Any CPU.ActiveCfg = Release|Any CPU
		{82789D75-969C-463F-89E5-A3D000D242ED}.Release|Any CPU.Build.0 = Release|Any CPU
	EndGlobalSection
	GlobalSection(SolutionProperties) = preSolution
		HideSolutionNode = FALSE
	EndGlobalSection
	GlobalSection(ExtensibilityGlobals) = postSolution
		SolutionGuid = {ED03EA0B-FAAE-43D7-8B08-215DB1349EEC}
	EndGlobalSection
EndGlobal
